{
  "originHash" : "f111bdc549a5e99cfed788e527966b48d0ab2513f0bea39f7c89fbe4968a5eaa",
  "pins" : [
    {
      "identity" : "grdb.swift",
      "kind" : "remoteSourceControl",
      "location" : "https://github.com/groue/GRDB.swift",
      "state" : {
        "revision" : "b83108d10f42680d78f23fe4d4d80fc88dab3212",
        "version" : "7.11.1"
      }
    },
    {
      "identity" : "punycodeswift",
      "kind" : "remoteSourceControl",
      "location" : "https://github.com/gumob/PunycodeSwift.git",
      "state" : {
        "revision" : "30a462bdb4398ea835a3585472229e0d74b36ba5",
        "version" : "3.0.0"
      }
    },
    {
      "identity" : "safariconverterlib",
      "kind" : "remoteSourceControl",
      "location" : "https://github.com/AdguardTeam/SafariConverterLib",
      "state" : {
        "revision" : "7a2e93f0afa70479cc59985f332025236c3f0c39",
        "version" : "4.3.0"
      }
    },
    {
      "identity" : "swift-argument-parser",
      "kind" : "remoteSourceControl",
      "location" : "https://github.com/apple/swift-argument-parser",
      "state" : {
        "revision" : "41982a3656a71c768319979febd796c6fd111d5c",
        "version" : "1.5.0"
      }
    },
    {
      "identity" : "swift-psl",
      "kind" : "remoteSourceControl",
      "location" : "https://github.com/ameshkov/swift-psl",
      "state" : {
        "revision" : "69475f051d11aa50c036164d5c77969f51f7ef3b",
        "version" : "1.1.145"
      }
    }
  ],
  "version" : 3
}
